{
  "version": 1,
  "dependencies": {
    "net10.0": {
      "Google.FlatBuffers": {
        "type": "Direct",
        "requested": "[25.2.10, )",
        "resolved": "25.2.10",
        "contentHash": "z3ykbSRsy6oqMzeZ84a+K8rnMJ/ysVikar8r2yUhHz0HSxIjBpj53mZvpu6LjLEm5fLLWQsCdelJwL1nu7lloA=="
      }
    }
  }
}